// !$*UTF8*$!
{
	archiveVersion = 1;
	classes = {
	};
	objectVersion = 77;
	objects = {

/* Begin PBXBuildFile section */
		04AB9BFCE6B8D05C0BCFBE4F /* kana_kanji_inflection_dictionary.json in Resources */ = {isa = PBXBuildFile; fileRef = 3E243E0E4A8BE9229D7694DE /* kana_kanji_inflection_dictionary.json */; };
		0B7C9000DDE3B341088C24C3 /* FlickKanaLayout.swift in Sources */ = {isa = PBXBuildFile; fileRef = 175BA54F5130F67FF3A05039 /* FlickKanaLayout.swift */; };
		0E1ADAEAC5203559B876C146 /* ÉcrituSecondVocab.json in Resources */ = {isa = PBXBuildFile; fileRef = 88923D70417B1F65997342BF /* ÉcrituSecondVocab.json */; };
		11A915FC905E04AF64E07BC6 /* KeyboardModeTransition.swift in Sources */ = {isa = PBXBuildFile; fileRef = 76B28FF828484D75B08C5780 /* KeyboardModeTransition.swift */; };
		1574B0356912D7E82C120E75 /* KanaKanjiSeedDictionary.swift in Sources */ = {isa = PBXBuildFile; fileRef = 280DC806280D22AF5EF91508 /* KanaKanjiSeedDictionary.swift */; };
		1C452267470AD5017D0E2C4B /* KeyboardExtension.appex in Embed Foundation Extensions */ = {isa = PBXBuildFile; fileRef = 4B5F60406235BC88C1D35F20 /* KeyboardExtension.appex */; settings = {ATTRIBUTES = (RemoveHeadersOnCopy, ); }; };
		256E54F1234A13909B92EBC9 /* KanaKanjiTypes.swift in Sources */ = {isa = PBXBuildFile; fileRef = 273590BA984813E0EEEABE45 /* KanaKanjiTypes.swift */; };
		2653402FC791880CEEA47249 /* AppleEmojiCatalog.swift in Sources */ = {isa = PBXBuildFile; fileRef = 83F54F6835629848F61C8D81 /* AppleEmojiCatalog.swift */; };
		2B8DF44D16D0C01219D158CF /* KanaTextNormalizer.swift in Sources */ = {isa = PBXBuildFile; fileRef = 4F0D1FE5173616F003E85277 /* KanaTextNormalizer.swift */; };
		2C9612062F1AA2CA24C41264 /* KanaKanjiTypes.swift in Sources */ = {isa = PBXBuildFile; fileRef = 273590BA984813E0EEEABE45 /* KanaKanjiTypes.swift */; };
		2FB61A019A327E122984C488 /* FlickKanaLayout.swift in Sources */ = {isa = PBXBuildFile; fileRef = 175BA54F5130F67FF3A05039 /* FlickKanaLayout.swift */; };
		36EEA841B7E5EC402DA055A5 /* InitialAjoutVocabMigration.json in Resources */ = {isa = PBXBuildFile; fileRef = 24E2C5A3655BB8C0DFC8F2F3 /* InitialAjoutVocabMigration.json */; };
		37DD1CCB2A1328749D93F728 /* KanaKanjiConverter.swift in Sources */ = {isa = PBXBuildFile; fileRef = B40E7E9146201A6F655CCD5D /* KanaKanjiConverter.swift */; };
		38B6E4119C8C44881C192E33 /* KanaKanjiSeedDictionary.swift in Sources */ = {isa = PBXBuildFile; fileRef = 280DC806280D22AF5EF91508 /* KanaKanjiSeedDictionary.swift */; };
		3B731B693D5ABC86B422C333 /* KanaKanjiStore.swift in Sources */ = {isa = PBXBuildFile; fileRef = 0CDFD7A0DB06E1D737E502DF /* KanaKanjiStore.swift */; };
		4295AC8BC709B3CD3FE6E133 /* ContentView.swift in Sources */ = {isa = PBXBuildFile; fileRef = 5DF3F61E6678EA62C2C94678 /* ContentView.swift */; };
		449ECACEDBC8A2BBA1DEF8E5 /* FlickKanaMap.swift in Sources */ = {isa = PBXBuildFile; fileRef = E5F74D99919C4D40677DFB1B /* FlickKanaMap.swift */; };
		494D3AC7F382B16B0C6F478A /* KeyboardLayerZIndex.swift in Sources */ = {isa = PBXBuildFile; fileRef = DCD9B73E7496C0E678230735 /* KeyboardLayerZIndex.swift */; };
		4B117742728D546BC84BDC01 /* KeyboardViewController.swift in Sources */ = {isa = PBXBuildFile; fileRef = BE8ED69072A5EAA44DDACB9E /* KeyboardViewController.swift */; };
		500517A2A72AC3F984FF7674 /* KeyboardModeTransitionTests.swift in Sources */ = {isa = PBXBuildFile; fileRef = 4BEF6D5508A6FD899B260559 /* KeyboardModeTransitionTests.swift */; };
		5455038D3ECF9657CA458C8E /* KeyboardKeyComponents.swift in Sources */ = {isa = PBXBuildFile; fileRef = 31B98B9E42E4E93025B51ECB /* KeyboardKeyComponents.swift */; };
		55453E798FC6382F14E94B48 /* FlickKeyView.swift in Sources */ = {isa = PBXBuildFile; fileRef = 4E47697B4A1DF6C69AD1AD3A /* FlickKeyView.swift */; };
		62E37AD409B322FD8E105704 /* KeyboardRootView.swift in Sources */ = {isa = PBXBuildFile; fileRef = 6E86F6C5D01B42067D46B922 /* KeyboardRootView.swift */; };
		62FA4BB05C06F7163B788B14 /* KeyboardModeTransition.swift in Sources */ = {isa = PBXBuildFile; fileRef = 76B28FF828484D75B08C5780 /* KeyboardModeTransition.swift */; };
		77EA3B3953C08408CF31FE13 /* kana_kanji_dictionary.sqlite in Resources */ = {isa = PBXBuildFile; fileRef = 2D2A68C12E9937EB406DC707 /* kana_kanji_dictionary.sqlite */; };
		80C53EDAEAB5510D13B9CAFB /* InitialSupprVocabMigration.json in Resources */ = {isa = PBXBuildFile; fileRef = 5C7FFC5AF8872DE4A3040949 /* InitialSupprVocabMigration.json */; };
		86EE26729B525F6D695B17FB /* Assets.xcassets in Resources */ = {isa = PBXBuildFile; fileRef = 1791BF31100B74EA2421EB52 /* Assets.xcassets */; };
		8BCC1E4F9906F5BEA4C9AFCF /* EcrituApp.swift in Sources */ = {isa = PBXBuildFile; fileRef = E807A57473C85475BCAA585B /* EcrituApp.swift */; };
		8C430DDA862C1BE5CE3F4275 /* DakutenDuckIcon.swift in Sources */ = {isa = PBXBuildFile; fileRef = 39716214A902EFE0258ECF45 /* DakutenDuckIcon.swift */; };
		8D78613535A703BDB593E778 /* KanaKanjiStore.swift in Sources */ = {isa = PBXBuildFile; fileRef = 0CDFD7A0DB06E1D737E502DF /* KanaKanjiStore.swift */; };
		8F8895266804EE4794A101EE /* KaomojiCatalog.swift in Sources */ = {isa = PBXBuildFile; fileRef = C52949EB4A52E9D891A305A3 /* KaomojiCatalog.swift */; };
		9CD485B6F82D22898978D8C4 /* KeyboardViewController+InputHandling.swift in Sources */ = {isa = PBXBuildFile; fileRef = CEBF85556C12EA4F6FBD4883 /* KeyboardViewController+InputHandling.swift */; };
		A77A8D7DFD358F9976420EF3 /* kana_kanji_candidate_sources.json in Resources */ = {isa = PBXBuildFile; fileRef = 753727472F0FBB8C1E318336 /* kana_kanji_candidate_sources.json */; };
		B03E6564B72E74C154837470 /* SettingsModels.swift in Sources */ = {isa = PBXBuildFile; fileRef = 105353784C776E1A40C7A8AE /* SettingsModels.swift */; };
		C8B93A3113908A63DDD6F252 /* .FlickKanaMap.swift.swp in Resources */ = {isa = PBXBuildFile; fileRef = 11664503131DFA8964A579CC /* .FlickKanaMap.swift.swp */; };
		D1CDEBCB8939BC969433777A /* FlickKanaMap.swift in Sources */ = {isa = PBXBuildFile; fileRef = E5F74D99919C4D40677DFB1B /* FlickKanaMap.swift */; };
		DB34668D73DDDCE6D95BF320 /* SettingsSectionViews.swift in Sources */ = {isa = PBXBuildFile; fileRef = 52EE3BD3294D58DDFF8071B1 /* SettingsSectionViews.swift */; };
		DBBA852BCC8D33CCF73645E9 /* ÉcrituPremierVocab.json in Resources */ = {isa = PBXBuildFile; fileRef = 0B48E53773A110FCDB0D91D7 /* ÉcrituPremierVocab.json */; };
		E21AE995B20E7DF2B75B6F82 /* KanaTextNormalizer.swift in Sources */ = {isa = PBXBuildFile; fileRef = 4F0D1FE5173616F003E85277 /* KanaTextNormalizer.swift */; };
		E720F22020AECD4CA0A2E3F7 /* KanaKanjiConverterRegressionTests.swift in Sources */ = {isa = PBXBuildFile; fileRef = B334B844356306350487E012 /* KanaKanjiConverterRegressionTests.swift */; };
		F769B10A75C8DE3CBA5F9F78 /* KanaKanjiConverter.swift in Sources */ = {isa = PBXBuildFile; fileRef = B40E7E9146201A6F655CCD5D /* KanaKanjiConverter.swift */; };
/* End PBXBuildFile section */

/* Begin PBXContainerItemProxy section */
		9D922AA6621488397E003E2D /* PBXContainerItemProxy */ = {
			isa = PBXContainerItemProxy;
			containerPortal = C2AEB9D58AEFFB740EDC3C3D /* Project object */;
			proxyType = 1;
			remoteGlobalIDString = A294BE5B70EA20DB02DB85AD;
			remoteInfo = KeyboardExtension;
		};
/* End PBXContainerItemProxy section */

/* Begin PBXCopyFilesBuildPhase section */
		7DB30E7B1A9A5333890CA082 /* Embed Foundation Extensions */ = {
			isa = PBXCopyFilesBuildPhase;
			buildActionMask = 2147483647;
			dstPath = "";
			dstSubfolderSpec = 13;
			files = (
				1C452267470AD5017D0E2C4B /* KeyboardExtension.appex in Embed Foundation Extensions */,
			);
			name = "Embed Foundation Extensions";
			runOnlyForDeploymentPostprocessing = 0;
		};
/* End PBXCopyFilesBuildPhase section */

/* Begin PBXFileReference section */
		0B48E53773A110FCDB0D91D7 /* ÉcrituPremierVocab.json */ = {isa = PBXFileReference; lastKnownFileType = text.json; path = "ÉcrituPremierVocab.json"; sourceTree = "<group>"; };
		0CDFD7A0DB06E1D737E502DF /* KanaKanjiStore.swift */ = {isa = PBXFileReference; lastKnownFileType = sourcecode.swift; path = KanaKanjiStore.swift; sourceTree = "<group>"; };
		105353784C776E1A40C7A8AE /* SettingsModels.swift */ = {isa = PBXFileReference; lastKnownFileType = sourcecode.swift; path = SettingsModels.swift; sourceTree = "<group>"; };
		11664503131DFA8964A579CC /* .FlickKanaMap.swift.swp */ = {isa = PBXFileReference; path = .FlickKanaMap.swift.swp; sourceTree = "<group>"; };
		175BA54F5130F67FF3A05039 /* FlickKanaLayout.swift */ = {isa = PBXFileReference; lastKnownFileType = sourcecode.swift; path = FlickKanaLayout.swift; sourceTree = "<group>"; };
		1791BF31100B74EA2421EB52 /* Assets.xcassets */ = {isa = PBXFileReference; lastKnownFileType = folder.assetcatalog; path = Assets.xcassets; sourceTree = "<group>"; };
		24E2C5A3655BB8C0DFC8F2F3 /* InitialAjoutVocabMigration.json */ = {isa = PBXFileReference; lastKnownFileType = text.json; path = InitialAjoutVocabMigration.json; sourceTree = "<group>"; };
		273590BA984813E0EEEABE45 /* KanaKanjiTypes.swift */ = {isa = PBXFileReference; lastKnownFileType = sourcecode.swift; path = KanaKanjiTypes.swift; sourceTree = "<group>"; };
		280DC806280D22AF5EF91508 /* KanaKanjiSeedDictionary.swift */ = {isa = PBXFileReference; lastKnownFileType = sourcecode.swift; path = KanaKanjiSeedDictionary.swift; sourceTree = "<group>"; };
		2D2A68C12E9937EB406DC707 /* kana_kanji_dictionary.sqlite */ = {isa = PBXFileReference; lastKnownFileType = file; path = kana_kanji_dictionary.sqlite; sourceTree = "<group>"; };
		31B98B9E42E4E93025B51ECB /* KeyboardKeyComponents.swift */ = {isa = PBXFileReference; lastKnownFileType = sourcecode.swift; path = KeyboardKeyComponents.swift; sourceTree = "<group>"; };
		39716214A902EFE0258ECF45 /* DakutenDuckIcon.swift */ = {isa = PBXFileReference; lastKnownFileType = sourcecode.swift; path = DakutenDuckIcon.swift; sourceTree = "<group>"; };
		3E243E0E4A8BE9229D7694DE /* kana_kanji_inflection_dictionary.json */ = {isa = PBXFileReference; lastKnownFileType = text.json; path = kana_kanji_inflection_dictionary.json; sourceTree = "<group>"; };
		3E9058C9AC20A9C771D55DFC /* Edition.xcconfig */ = {isa = PBXFileReference; lastKnownFileType = text.xcconfig; path = Edition.xcconfig; sourceTree = "<group>"; };
		4B5F60406235BC88C1D35F20 /* KeyboardExtension.appex */ = {isa = PBXFileReference; includeInIndex = 0; lastKnownFileType = "wrapper.app-extension"; path = KeyboardExtension.appex; sourceTree = BUILT_PRODUCTS_DIR; };
		4BEF6D5508A6FD899B260559 /* KeyboardModeTransitionTests.swift */ = {isa = PBXFileReference; lastKnownFileType = sourcecode.swift; path = KeyboardModeTransitionTests.swift; sourceTree = "<group>"; };
		4E47697B4A1DF6C69AD1AD3A /* FlickKeyView.swift */ = {isa = PBXFileReference; lastKnownFileType = sourcecode.swift; path = FlickKeyView.swift; sourceTree = "<group>"; };
		4F0D1FE5173616F003E85277 /* KanaTextNormalizer.swift */ = {isa = PBXFileReference; lastKnownFileType = sourcecode.swift; path = KanaTextNormalizer.swift; sourceTree = "<group>"; };
		52EE3BD3294D58DDFF8071B1 /* SettingsSectionViews.swift */ = {isa = PBXFileReference; lastKnownFileType = sourcecode.swift; path = SettingsSectionViews.swift; sourceTree = "<group>"; };
		5BD446779BCC5D4386967F9A /* Ecritu.entitlements */ = {isa = PBXFileReference; lastKnownFileType = text.plist.entitlements; path = Ecritu.entitlements; sourceTree = "<group>"; };
		5C7FFC5AF8872DE4A3040949 /* InitialSupprVocabMigration.json */ = {isa = PBXFileReference; lastKnownFileType = text.json; path = InitialSupprVocabMigration.json; sourceTree = "<group>"; };
		5DF3F61E6678EA62C2C94678 /* ContentView.swift */ = {isa = PBXFileReference; lastKnownFileType = sourcecode.swift; path = ContentView.swift; sourceTree = "<group>"; };
		693BB077926B6B9DCDCDA8EA /* écrituTests.xctest */ = {isa = PBXFileReference; includeInIndex = 0; lastKnownFileType = wrapper.cfbundle; path = "écrituTests.xctest"; sourceTree = BUILT_PRODUCTS_DIR; };
		6E86F6C5D01B42067D46B922 /* KeyboardRootView.swift */ = {isa = PBXFileReference; lastKnownFileType = sourcecode.swift; path = KeyboardRootView.swift; sourceTree = "<group>"; };
		753727472F0FBB8C1E318336 /* kana_kanji_candidate_sources.json */ = {isa = PBXFileReference; lastKnownFileType = text.json; path = kana_kanji_candidate_sources.json; sourceTree = "<group>"; };
		76B28FF828484D75B08C5780 /* KeyboardModeTransition.swift */ = {isa = PBXFileReference; lastKnownFileType = sourcecode.swift; path = KeyboardModeTransition.swift; sourceTree = "<group>"; };
		83F54F6835629848F61C8D81 /* AppleEmojiCatalog.swift */ = {isa = PBXFileReference; lastKnownFileType = sourcecode.swift; path = AppleEmojiCatalog.swift; sourceTree = "<group>"; };
		88923D70417B1F65997342BF /* ÉcrituSecondVocab.json */ = {isa = PBXFileReference; lastKnownFileType = text.json; path = "ÉcrituSecondVocab.json"; sourceTree = "<group>"; };
		B2F1069200465BA796649E29 /* KeyboardExtension.entitlements */ = {isa = PBXFileReference; lastKnownFileType = text.plist.entitlements; path = KeyboardExtension.entitlements; sourceTree = "<group>"; };
		B334B844356306350487E012 /* KanaKanjiConverterRegressionTests.swift */ = {isa = PBXFileReference; lastKnownFileType = sourcecode.swift; path = KanaKanjiConverterRegressionTests.swift; sourceTree = "<group>"; };
		B40E7E9146201A6F655CCD5D /* KanaKanjiConverter.swift */ = {isa = PBXFileReference; lastKnownFileType = sourcecode.swift; path = KanaKanjiConverter.swift; sourceTree = "<group>"; };
		BE8ED69072A5EAA44DDACB9E /* KeyboardViewController.swift */ = {isa = PBXFileReference; lastKnownFileType = sourcecode.swift; path = KeyboardViewController.swift; sourceTree = "<group>"; };
		C52949EB4A52E9D891A305A3 /* KaomojiCatalog.swift */ = {isa = PBXFileReference; lastKnownFileType = sourcecode.swift; path = KaomojiCatalog.swift; sourceTree = "<group>"; };
		CEBF85556C12EA4F6FBD4883 /* KeyboardViewController+InputHandling.swift */ = {isa = PBXFileReference; lastKnownFileType = sourcecode.swift; path = "KeyboardViewController+InputHandling.swift"; sourceTree = "<group>"; };
		DCD9B73E7496C0E678230735 /* KeyboardLayerZIndex.swift */ = {isa = PBXFileReference; lastKnownFileType = sourcecode.swift; path = KeyboardLayerZIndex.swift; sourceTree = "<group>"; };
		E5F74D99919C4D40677DFB1B /* FlickKanaMap.swift */ = {isa = PBXFileReference; lastKnownFileType = sourcecode.swift; path = FlickKanaMap.swift; sourceTree = "<group>"; };
		E807A57473C85475BCAA585B /* EcrituApp.swift */ = {isa = PBXFileReference; lastKnownFileType = sourcecode.swift; path = EcrituApp.swift; sourceTree = "<group>"; };
		E9737BDAEF466B520663D3C6 /* écritu.app */ = {isa = PBXFileReference; includeInIndex = 0; lastKnownFileType = wrapper.application; path = "écritu.app"; sourceTree = BUILT_PRODUCTS_DIR; };
/* End PBXFileReference section */

/* Begin PBXGroup section */
		3436D36A0267FBBA4D3031FE /* App */ = {
			isa = PBXGroup;
			children = (
				1791BF31100B74EA2421EB52 /* Assets.xcassets */,
				5DF3F61E6678EA62C2C94678 /* ContentView.swift */,
				5BD446779BCC5D4386967F9A /* Ecritu.entitlements */,
				E807A57473C85475BCAA585B /* EcrituApp.swift */,
				105353784C776E1A40C7A8AE /* SettingsModels.swift */,
				52EE3BD3294D58DDFF8071B1 /* SettingsSectionViews.swift */,
			);
			path = App;
			sourceTree = "<group>";
		};
		6EE34AD2022A99BC02FBDD3C /* DefaultDictionaryResources */ = {
			isa = PBXGroup;
			children = (
				0B48E53773A110FCDB0D91D7 /* ÉcrituPremierVocab.json */,
				88923D70417B1F65997342BF /* ÉcrituSecondVocab.json */,
				753727472F0FBB8C1E318336 /* kana_kanji_candidate_sources.json */,
				2D2A68C12E9937EB406DC707 /* kana_kanji_dictionary.sqlite */,
				3E243E0E4A8BE9229D7694DE /* kana_kanji_inflection_dictionary.json */,
			);
			path = DefaultDictionaryResources;
			sourceTree = "<group>";
		};
		75392B2AC57D0625BC750522 = {
			isa = PBXGroup;
			children = (
				3436D36A0267FBBA4D3031FE /* App */,
				7785D57E2779BD3D3D82F1C3 /* Config */,
				98946037E1DE2D5BDD19AC61 /* KeyboardExtension */,
				EA3BE570E7C2CACCE3486700 /* Tests */,
				9D77912A8CEA17C3CCC8BD95 /* Products */,
			);
			sourceTree = "<group>";
		};
		7785D57E2779BD3D3D82F1C3 /* Config */ = {
			isa = PBXGroup;
			children = (
				3E9058C9AC20A9C771D55DFC /* Edition.xcconfig */,
			);
			path = Config;
			sourceTree = "<group>";
		};
		98946037E1DE2D5BDD19AC61 /* KeyboardExtension */ = {
			isa = PBXGroup;
			children = (
				11664503131DFA8964A579CC /* .FlickKanaMap.swift.swp */,
				83F54F6835629848F61C8D81 /* AppleEmojiCatalog.swift */,
				39716214A902EFE0258ECF45 /* DakutenDuckIcon.swift */,
				175BA54F5130F67FF3A05039 /* FlickKanaLayout.swift */,
				E5F74D99919C4D40677DFB1B /* FlickKanaMap.swift */,
				4E47697B4A1DF6C69AD1AD3A /* FlickKeyView.swift */,
				24E2C5A3655BB8C0DFC8F2F3 /* InitialAjoutVocabMigration.json */,
				5C7FFC5AF8872DE4A3040949 /* InitialSupprVocabMigration.json */,
				B40E7E9146201A6F655CCD5D /* KanaKanjiConverter.swift */,
				280DC806280D22AF5EF91508 /* KanaKanjiSeedDictionary.swift */,
				0CDFD7A0DB06E1D737E502DF /* KanaKanjiStore.swift */,
				273590BA984813E0EEEABE45 /* KanaKanjiTypes.swift */,
				4F0D1FE5173616F003E85277 /* KanaTextNormalizer.swift */,
				C52949EB4A52E9D891A305A3 /* KaomojiCatalog.swift */,
				B2F1069200465BA796649E29 /* KeyboardExtension.entitlements */,
				31B98B9E42E4E93025B51ECB /* KeyboardKeyComponents.swift */,
				DCD9B73E7496C0E678230735 /* KeyboardLayerZIndex.swift */,
				76B28FF828484D75B08C5780 /* KeyboardModeTransition.swift */,
				6E86F6C5D01B42067D46B922 /* KeyboardRootView.swift */,
				BE8ED69072A5EAA44DDACB9E /* KeyboardViewController.swift */,
				CEBF85556C12EA4F6FBD4883 /* KeyboardViewController+InputHandling.swift */,
				6EE34AD2022A99BC02FBDD3C /* DefaultDictionaryResources */,
			);
			path = KeyboardExtension;
			sourceTree = "<group>";
		};
		9D77912A8CEA17C3CCC8BD95 /* Products */ = {
			isa = PBXGroup;
			children = (
				E9737BDAEF466B520663D3C6 /* écritu.app */,
				693BB077926B6B9DCDCDA8EA /* écrituTests.xctest */,
				4B5F60406235BC88C1D35F20 /* KeyboardExtension.appex */,
			);
			name = Products;
			sourceTree = "<group>";
		};
		EA3BE570E7C2CACCE3486700 /* Tests */ = {
			isa = PBXGroup;
			children = (
				B334B844356306350487E012 /* KanaKanjiConverterRegressionTests.swift */,
				4BEF6D5508A6FD899B260559 /* KeyboardModeTransitionTests.swift */,
			);
			path = Tests;
			sourceTree = "<group>";
		};
/* End PBXGroup section */

/* Begin PBXNativeTarget section */
		65E0D8750AA690D94732710E /* écritu */ = {
			isa = PBXNativeTarget;
			buildConfigurationList = 51A4CB275692308FFE4AF988 /* Build configuration list for PBXNativeTarget "écritu" */;
			buildPhases = (
				7033AAA35E85A2153F4A5E58 /* Sources */,
				DBFDF8AE2497155E13CCADDE /* Resources */,
				7DB30E7B1A9A5333890CA082 /* Embed Foundation Extensions */,
			);
			buildRules = (
			);
			dependencies = (
				AACF3B7AC89B28B4445A38A9 /* PBXTargetDependency */,
			);
			name = "écritu";
			packageProductDependencies = (
			);
			productName = "écritu";
			productReference = E9737BDAEF466B520663D3C6 /* écritu.app */;
			productType = "com.apple.product-type.application";
		};
		7EA37834FE97D1CD01AC865B /* écrituTests */ = {
			isa = PBXNativeTarget;
			buildConfigurationList = 0BADED2C6382BEE57923122F /* Build configuration list for PBXNativeTarget "écrituTests" */;
			buildPhases = (
				6006A30D6C0072653326C6E4 /* Sources */,
			);
			buildRules = (
			);
			dependencies = (
			);
			name = "écrituTests";
			packageProductDependencies = (
			);
			productName = "écrituTests";
			productReference = 693BB077926B6B9DCDCDA8EA /* écrituTests.xctest */;
			productType = "com.apple.product-type.bundle.unit-test";
		};
		A294BE5B70EA20DB02DB85AD /* KeyboardExtension */ = {
			isa = PBXNativeTarget;
			buildConfigurationList = 89EFB5B4FCA50044964A2E00 /* Build configuration list for PBXNativeTarget "KeyboardExtension" */;
			buildPhases = (
				F0DA7A3466A4D9001E191240 /* Refresh Simulator Dictionary Artifacts */,
				AF6737C5790E3B38F48F08BC /* Sources */,
				DAFC31EE8DBF17957F350584 /* Resources */,
			);
			buildRules = (
			);
			dependencies = (
			);
			name = KeyboardExtension;
			packageProductDependencies = (
			);
			productName = KeyboardExtension;
			productReference = 4B5F60406235BC88C1D35F20 /* KeyboardExtension.appex */;
			productType = "com.apple.product-type.app-extension";
		};
/* End PBXNativeTarget section */

/* Begin PBXProject section */
		C2AEB9D58AEFFB740EDC3C3D /* Project object */ = {
			isa = PBXProject;
			attributes = {
				BuildIndependentTargetsInParallel = YES;
				LastUpgradeCheck = 1430;
				TargetAttributes = {
					65E0D8750AA690D94732710E = {
						DevelopmentTeam = "$(ECRITU_DEVELOPMENT_TEAM)";
					};
					A294BE5B70EA20DB02DB85AD = {
						DevelopmentTeam = "$(ECRITU_DEVELOPMENT_TEAM)";
					};
				};
			};
			buildConfigurationList = 3E048A9EDCCD8A142DF6789A /* Build configuration list for PBXProject "écritu" */;
			developmentRegion = en;
			hasScannedForEncodings = 0;
			knownRegions = (
				Base,
				en,
			);
			mainGroup = 75392B2AC57D0625BC750522;
			minimizedProjectReferenceProxies = 1;
			preferredProjectObjectVersion = 77;
			productRefGroup = 9D77912A8CEA17C3CCC8BD95 /* Products */;
			projectDirPath = "";
			projectRoot = "";
			targets = (
				A294BE5B70EA20DB02DB85AD /* KeyboardExtension */,
				65E0D8750AA690D94732710E /* écritu */,
				7EA37834FE97D1CD01AC865B /* écrituTests */,
			);
		};
/* End PBXProject section */

/* Begin PBXResourcesBuildPhase section */
		DAFC31EE8DBF17957F350584 /* Resources */ = {
			isa = PBXResourcesBuildPhase;
			buildActionMask = 2147483647;
			files = (
				C8B93A3113908A63DDD6F252 /* .FlickKanaMap.swift.swp in Resources */,
				36EEA841B7E5EC402DA055A5 /* InitialAjoutVocabMigration.json in Resources */,
				80C53EDAEAB5510D13B9CAFB /* InitialSupprVocabMigration.json in Resources */,
				A77A8D7DFD358F9976420EF3 /* kana_kanji_candidate_sources.json in Resources */,
				77EA3B3953C08408CF31FE13 /* kana_kanji_dictionary.sqlite in Resources */,
				04AB9BFCE6B8D05C0BCFBE4F /* kana_kanji_inflection_dictionary.json in Resources */,
				DBBA852BCC8D33CCF73645E9 /* ÉcrituPremierVocab.json in Resources */,
				0E1ADAEAC5203559B876C146 /* ÉcrituSecondVocab.json in Resources */,
			);
			runOnlyForDeploymentPostprocessing = 0;
		};
		DBFDF8AE2497155E13CCADDE /* Resources */ = {
			isa = PBXResourcesBuildPhase;
			buildActionMask = 2147483647;
			files = (
				86EE26729B525F6D695B17FB /* Assets.xcassets in Resources */,
			);
			runOnlyForDeploymentPostprocessing = 0;
		};
/* End PBXResourcesBuildPhase section */

/* Begin PBXShellScriptBuildPhase section */
		F0DA7A3466A4D9001E191240 /* Refresh Simulator Dictionary Artifacts */ = {
			isa = PBXShellScriptBuildPhase;
			alwaysOutOfDate = 1;
			buildActionMask = 2147483647;
			files = (
			);
			inputFileListPaths = (
			);
			inputPaths = (
			);
			name = "Refresh Simulator Dictionary Artifacts";
			outputFileListPaths = (
			);
			outputPaths = (
			);
			runOnlyForDeploymentPostprocessing = 0;
			shellPath = /bin/sh;
			shellScript = "bash \"$SRCROOT/tools/refresh_simulator_dictionary_on_build.sh\"\n";
		};
/* End PBXShellScriptBuildPhase section */

/* Begin PBXSourcesBuildPhase section */
		6006A30D6C0072653326C6E4 /* Sources */ = {
			isa = PBXSourcesBuildPhase;
			buildActionMask = 2147483647;
			files = (
				2FB61A019A327E122984C488 /* FlickKanaLayout.swift in Sources */,
				449ECACEDBC8A2BBA1DEF8E5 /* FlickKanaMap.swift in Sources */,
				37DD1CCB2A1328749D93F728 /* KanaKanjiConverter.swift in Sources */,
				E720F22020AECD4CA0A2E3F7 /* KanaKanjiConverterRegressionTests.swift in Sources */,
				38B6E4119C8C44881C192E33 /* KanaKanjiSeedDictionary.swift in Sources */,
				8D78613535A703BDB593E778 /* KanaKanjiStore.swift in Sources */,
				256E54F1234A13909B92EBC9 /* KanaKanjiTypes.swift in Sources */,
				2B8DF44D16D0C01219D158CF /* KanaTextNormalizer.swift in Sources */,
				11A915FC905E04AF64E07BC6 /* KeyboardModeTransition.swift in Sources */,
				500517A2A72AC3F984FF7674 /* KeyboardModeTransitionTests.swift in Sources */,
			);
			runOnlyForDeploymentPostprocessing = 0;
		};
		7033AAA35E85A2153F4A5E58 /* Sources */ = {
			isa = PBXSourcesBuildPhase;
			buildActionMask = 2147483647;
			files = (
				4295AC8BC709B3CD3FE6E133 /* ContentView.swift in Sources */,
				8BCC1E4F9906F5BEA4C9AFCF /* EcrituApp.swift in Sources */,
				B03E6564B72E74C154837470 /* SettingsModels.swift in Sources */,
				DB34668D73DDDCE6D95BF320 /* SettingsSectionViews.swift in Sources */,
			);
			runOnlyForDeploymentPostprocessing = 0;
		};
		AF6737C5790E3B38F48F08BC /* Sources */ = {
			isa = PBXSourcesBuildPhase;
			buildActionMask = 2147483647;
			files = (
				2653402FC791880CEEA47249 /* AppleEmojiCatalog.swift in Sources */,
				8C430DDA862C1BE5CE3F4275 /* DakutenDuckIcon.swift in Sources */,
				0B7C9000DDE3B341088C24C3 /* FlickKanaLayout.swift in Sources */,
				D1CDEBCB8939BC969433777A /* FlickKanaMap.swift in Sources */,
				55453E798FC6382F14E94B48 /* FlickKeyView.swift in Sources */,
				F769B10A75C8DE3CBA5F9F78 /* KanaKanjiConverter.swift in Sources */,
				1574B0356912D7E82C120E75 /* KanaKanjiSeedDictionary.swift in Sources */,
				3B731B693D5ABC86B422C333 /* KanaKanjiStore.swift in Sources */,
				2C9612062F1AA2CA24C41264 /* KanaKanjiTypes.swift in Sources */,
				E21AE995B20E7DF2B75B6F82 /* KanaTextNormalizer.swift in Sources */,
				8F8895266804EE4794A101EE /* KaomojiCatalog.swift in Sources */,
				5455038D3ECF9657CA458C8E /* KeyboardKeyComponents.swift in Sources */,
				494D3AC7F382B16B0C6F478A /* KeyboardLayerZIndex.swift in Sources */,
				62FA4BB05C06F7163B788B14 /* KeyboardModeTransition.swift in Sources */,
				62E37AD409B322FD8E105704 /* KeyboardRootView.swift in Sources */,
				9CD485B6F82D22898978D8C4 /* KeyboardViewController+InputHandling.swift in Sources */,
				4B117742728D546BC84BDC01 /* KeyboardViewController.swift in Sources */,
			);
			runOnlyForDeploymentPostprocessing = 0;
		};
/* End PBXSourcesBuildPhase section */

/* Begin PBXTargetDependency section */
		AACF3B7AC89B28B4445A38A9 /* PBXTargetDependency */ = {
			isa = PBXTargetDependency;
			target = A294BE5B70EA20DB02DB85AD /* KeyboardExtension */;
			targetProxy = 9D922AA6621488397E003E2D /* PBXContainerItemProxy */;
		};
/* End PBXTargetDependency section */

/* Begin XCBuildConfiguration section */
		0B2DB2CFBA91F4CC5720CC81 /* Release */ = {
			isa = XCBuildConfiguration;
			buildSettings = {
				ALWAYS_SEARCH_USER_PATHS = NO;
				CLANG_ANALYZER_NONNULL = YES;
				CLANG_ANALYZER_NUMBER_OBJECT_CONVERSION = YES_AGGRESSIVE;
				CLANG_CXX_LANGUAGE_STANDARD = "gnu++14";
				CLANG_CXX_LIBRARY = "libc++";
				CLANG_ENABLE_MODULES = YES;
				CLANG_ENABLE_OBJC_ARC = YES;
				CLANG_ENABLE_OBJC_WEAK = YES;
				CLANG_WARN_BLOCK_CAPTURE_AUTORELEASING = YES;
				CLANG_WARN_BOOL_CONVERSION = YES;
				CLANG_WARN_COMMA = YES;
				CLANG_WARN_CONSTANT_CONVERSION = YES;
				CLANG_WARN_DEPRECATED_OBJC_IMPLEMENTATIONS = YES;
				CLANG_WARN_DIRECT_OBJC_ISA_USAGE = YES_ERROR;
				CLANG_WARN_DOCUMENTATION_COMMENTS = YES;
				CLANG_WARN_EMPTY_BODY = YES;
				CLANG_WARN_ENUM_CONVERSION = YES;
				CLANG_WARN_INFINITE_RECURSION = YES;
				CLANG_WARN_INT_CONVERSION = YES;
				CLANG_WARN_NON_LITERAL_NULL_CONVERSION = YES;
				CLANG_WARN_OBJC_IMPLICIT_RETAIN_SELF = YES;
				CLANG_WARN_OBJC_LITERAL_CONVERSION = YES;
				CLANG_WARN_OBJC_ROOT_CLASS = YES_ERROR;
				CLANG_WARN_QUOTED_INCLUDE_IN_FRAMEWORK_HEADER = YES;
				CLANG_WARN_RANGE_LOOP_ANALYSIS = YES;
				CLANG_WARN_STRICT_PROTOTYPES = YES;
				CLANG_WARN_SUSPICIOUS_MOVE = YES;
				CLANG_WARN_UNGUARDED_AVAILABILITY = YES_AGGRESSIVE;
				CLANG_WARN_UNREACHABLE_CODE = YES;
				CLANG_WARN__DUPLICATE_METHOD_MATCH = YES;
				COPY_PHASE_STRIP = NO;
				DEBUG_INFORMATION_FORMAT = "dwarf-with-dsym";
				ENABLE_NS_ASSERTIONS = NO;
				ENABLE_STRICT_OBJC_MSGSEND = YES;
				GCC_C_LANGUAGE_STANDARD = gnu11;
				GCC_NO_COMMON_BLOCKS = YES;
				GCC_WARN_64_TO_32_BIT_CONVERSION = YES;
				GCC_WARN_ABOUT_RETURN_TYPE = YES_ERROR;
				GCC_WARN_UNDECLARED_SELECTOR = YES;
				GCC_WARN_UNINITIALIZED_AUTOS = YES_AGGRESSIVE;
				GCC_WARN_UNUSED_FUNCTION = YES;
				GCC_WARN_UNUSED_VARIABLE = YES;
				IPHONEOS_DEPLOYMENT_TARGET = 16.0;
				MTL_ENABLE_DEBUG_INFO = NO;
				MTL_FAST_MATH = YES;
				PRODUCT_NAME = "$(TARGET_NAME)";
				SDKROOT = iphoneos;
				SWIFT_COMPILATION_MODE = wholemodule;
				SWIFT_OPTIMIZATION_LEVEL = "-O";
				SWIFT_VERSION = 5.0;
			};
			name = Release;
		};
		8207D3BABE7D90BDB04E7F0B /* Release */ = {
			isa = XCBuildConfiguration;
			baseConfigurationReference = 3E9058C9AC20A9C771D55DFC /* Edition.xcconfig */;
			buildSettings = {
				ASSETCATALOG_COMPILER_APPICON_NAME = AppIcon;
				CODE_SIGN_ENTITLEMENTS = App/Ecritu.entitlements;
				CODE_SIGN_IDENTITY = "iPhone Developer";
				CURRENT_PROJECT_VERSION = "$(ECRITU_EDITION_NUMBER)";
				DEVELOPMENT_TEAM = "$(ECRITU_DEVELOPMENT_TEAM)";
				GENERATE_INFOPLIST_FILE = YES;
				INFOPLIST_KEY_CFBundleDisplayName = "écritu";
				INFOPLIST_KEY_CFBundleShortVersionString = 1.0;
				INFOPLIST_KEY_CFBundleVersion = "$(CURRENT_PROJECT_VERSION)";
				INFOPLIST_KEY_EcrituAppGroupIdentifier = "$(ECRITU_APP_GROUP_IDENTIFIER)";
				INFOPLIST_KEY_EcrituEditionUpdatedAt = "$(ECRITU_EDITION_UPDATED_AT)";
				INFOPLIST_KEY_UIApplicationSupportsIndirectInputEvents = YES;
				INFOPLIST_KEY_UILaunchScreen_Generation = YES;
				IPHONEOS_DEPLOYMENT_TARGET = 16.0;
				LD_RUNPATH_SEARCH_PATHS = (
					"$(inherited)",
					"@executable_path/Frameworks",
				);
				MARKETING_VERSION = 1.0;
				PRODUCT_BUNDLE_IDENTIFIER = "$(ECRITU_APP_BUNDLE_IDENTIFIER)";
				SDKROOT = iphoneos;
				SUPPORTS_MACCATALYST = NO;
				TARGETED_DEVICE_FAMILY = 1;
			};
			name = Release;
		};
		932A5062A432B75EA56CE8A1 /* Debug */ = {
			isa = XCBuildConfiguration;
			baseConfigurationReference = 3E9058C9AC20A9C771D55DFC /* Edition.xcconfig */;
			buildSettings = {
				BUNDLE_LOADER = "$(TEST_HOST)";
				CURRENT_PROJECT_VERSION = "$(ECRITU_EDITION_NUMBER)";
				GENERATE_INFOPLIST_FILE = YES;
				IPHONEOS_DEPLOYMENT_TARGET = 16.0;
				LD_RUNPATH_SEARCH_PATHS = (
					"$(inherited)",
					"@executable_path/Frameworks",
					"@loader_path/Frameworks",
				);
				PRODUCT_BUNDLE_IDENTIFIER = "$(ECRITU_TESTS_BUNDLE_IDENTIFIER)";
				SDKROOT = iphoneos;
				SUPPORTS_MACCATALYST = NO;
				TARGETED_DEVICE_FAMILY = 1;
			};
			name = Debug;
		};
		B0243247437610E848A0ED75 /* Release */ = {
			isa = XCBuildConfiguration;
			baseConfigurationReference = 3E9058C9AC20A9C771D55DFC /* Edition.xcconfig */;
			buildSettings = {
				APPLICATION_EXTENSION_API_ONLY = YES;
				CODE_SIGN_ENTITLEMENTS = KeyboardExtension/KeyboardExtension.entitlements;
				CURRENT_PROJECT_VERSION = "$(ECRITU_EDITION_NUMBER)";
				DEVELOPMENT_TEAM = "$(ECRITU_DEVELOPMENT_TEAM)";
				INFOPLIST_FILE = KeyboardExtension/Info.plist;
				IPHONEOS_DEPLOYMENT_TARGET = 16.0;
				LD_RUNPATH_SEARCH_PATHS = (
					"$(inherited)",
					"@executable_path/Frameworks",
					"@executable_path/../../Frameworks",
				);
				MARKETING_VERSION = 1.0;
				PRODUCT_BUNDLE_IDENTIFIER = "$(ECRITU_KEYBOARD_BUNDLE_IDENTIFIER)";
				SDKROOT = iphoneos;
				SKIP_INSTALL = YES;
				SUPPORTS_MACCATALYST = NO;
				TARGETED_DEVICE_FAMILY = 1;
			};
			name = Release;
		};
		B44EA477DE862304E91A28BB /* Debug */ = {
			isa = XCBuildConfiguration;
			baseConfigurationReference = 3E9058C9AC20A9C771D55DFC /* Edition.xcconfig */;
			buildSettings = {
				APPLICATION_EXTENSION_API_ONLY = YES;
				CODE_SIGN_ENTITLEMENTS = KeyboardExtension/KeyboardExtension.entitlements;
				CURRENT_PROJECT_VERSION = "$(ECRITU_EDITION_NUMBER)";
				DEVELOPMENT_TEAM = "$(ECRITU_DEVELOPMENT_TEAM)";
				INFOPLIST_FILE = KeyboardExtension/Info.plist;
				IPHONEOS_DEPLOYMENT_TARGET = 16.0;
				LD_RUNPATH_SEARCH_PATHS = (
					"$(inherited)",
					"@executable_path/Frameworks",
					"@executable_path/../../Frameworks",
				);
				MARKETING_VERSION = 1.0;
				PRODUCT_BUNDLE_IDENTIFIER = "$(ECRITU_KEYBOARD_BUNDLE_IDENTIFIER)";
				SDKROOT = iphoneos;
				SKIP_INSTALL = YES;
				SUPPORTS_MACCATALYST = NO;
				TARGETED_DEVICE_FAMILY = 1;
			};
			name = Debug;
		};
		BAE844527834D49816327547 /* Release */ = {
			isa = XCBuildConfiguration;
			baseConfigurationReference = 3E9058C9AC20A9C771D55DFC /* Edition.xcconfig */;
			buildSettings = {
				BUNDLE_LOADER = "$(TEST_HOST)";
				CURRENT_PROJECT_VERSION = "$(ECRITU_EDITION_NUMBER)";
				GENERATE_INFOPLIST_FILE = YES;
				IPHONEOS_DEPLOYMENT_TARGET = 16.0;
				LD_RUNPATH_SEARCH_PATHS = (
					"$(inherited)",
					"@executable_path/Frameworks",
					"@loader_path/Frameworks",
				);
				PRODUCT_BUNDLE_IDENTIFIER = "$(ECRITU_TESTS_BUNDLE_IDENTIFIER)";
				SDKROOT = iphoneos;
				SUPPORTS_MACCATALYST = NO;
				TARGETED_DEVICE_FAMILY = 1;
			};
			name = Release;
		};
		E2A531803A1FBE849EDD07E0 /* Debug */ = {
			isa = XCBuildConfiguration;
			baseConfigurationReference = 3E9058C9AC20A9C771D55DFC /* Edition.xcconfig */;
			buildSettings = {
				ASSETCATALOG_COMPILER_APPICON_NAME = AppIcon;
				CODE_SIGN_ENTITLEMENTS = App/Ecritu.entitlements;
				CODE_SIGN_IDENTITY = "iPhone Developer";
				CURRENT_PROJECT_VERSION = "$(ECRITU_EDITION_NUMBER)";
				DEVELOPMENT_TEAM = "$(ECRITU_DEVELOPMENT_TEAM)";
				GENERATE_INFOPLIST_FILE = YES;
				INFOPLIST_KEY_CFBundleDisplayName = "écritu";
				INFOPLIST_KEY_CFBundleShortVersionString = 1.0;
				INFOPLIST_KEY_CFBundleVersion = "$(CURRENT_PROJECT_VERSION)";
				INFOPLIST_KEY_EcrituAppGroupIdentifier = "$(ECRITU_APP_GROUP_IDENTIFIER)";
				INFOPLIST_KEY_EcrituEditionUpdatedAt = "$(ECRITU_EDITION_UPDATED_AT)";
				INFOPLIST_KEY_UIApplicationSupportsIndirectInputEvents = YES;
				INFOPLIST_KEY_UILaunchScreen_Generation = YES;
				IPHONEOS_DEPLOYMENT_TARGET = 16.0;
				LD_RUNPATH_SEARCH_PATHS = (
					"$(inherited)",
					"@executable_path/Frameworks",
				);
				MARKETING_VERSION = 1.0;
				PRODUCT_BUNDLE_IDENTIFIER = "$(ECRITU_APP_BUNDLE_IDENTIFIER)";
				SDKROOT = iphoneos;
				SUPPORTS_MACCATALYST = NO;
				TARGETED_DEVICE_FAMILY = 1;
			};
			name = Debug;
		};
		E920298ACCA45D34A02920CC /* Debug */ = {
			isa = XCBuildConfiguration;
			buildSettings = {
				ALWAYS_SEARCH_USER_PATHS = NO;
				CLANG_ANALYZER_NONNULL = YES;
				CLANG_ANALYZER_NUMBER_OBJECT_CONVERSION = YES_AGGRESSIVE;
				CLANG_CXX_LANGUAGE_STANDARD = "gnu++14";
				CLANG_CXX_LIBRARY = "libc++";
				CLANG_ENABLE_MODULES = YES;
				CLANG_ENABLE_OBJC_ARC = YES;
				CLANG_ENABLE_OBJC_WEAK = YES;
				CLANG_WARN_BLOCK_CAPTURE_AUTORELEASING = YES;
				CLANG_WARN_BOOL_CONVERSION = YES;
				CLANG_WARN_COMMA = YES;
				CLANG_WARN_CONSTANT_CONVERSION = YES;
				CLANG_WARN_DEPRECATED_OBJC_IMPLEMENTATIONS = YES;
				CLANG_WARN_DIRECT_OBJC_ISA_USAGE = YES_ERROR;
				CLANG_WARN_DOCUMENTATION_COMMENTS = YES;
				CLANG_WARN_EMPTY_BODY = YES;
				CLANG_WARN_ENUM_CONVERSION = YES;
				CLANG_WARN_INFINITE_RECURSION = YES;
				CLANG_WARN_INT_CONVERSION = YES;
				CLANG_WARN_NON_LITERAL_NULL_CONVERSION = YES;
				CLANG_WARN_OBJC_IMPLICIT_RETAIN_SELF = YES;
				CLANG_WARN_OBJC_LITERAL_CONVERSION = YES;
				CLANG_WARN_OBJC_ROOT_CLASS = YES_ERROR;
				CLANG_WARN_QUOTED_INCLUDE_IN_FRAMEWORK_HEADER = YES;
				CLANG_WARN_RANGE_LOOP_ANALYSIS = YES;
				CLANG_WARN_STRICT_PROTOTYPES = YES;
				CLANG_WARN_SUSPICIOUS_MOVE = YES;
				CLANG_WARN_UNGUARDED_AVAILABILITY = YES_AGGRESSIVE;
				CLANG_WARN_UNREACHABLE_CODE = YES;
				CLANG_WARN__DUPLICATE_METHOD_MATCH = YES;
				COPY_PHASE_STRIP = NO;
				DEBUG_INFORMATION_FORMAT = dwarf;
				ENABLE_STRICT_OBJC_MSGSEND = YES;
				ENABLE_TESTABILITY = YES;
				GCC_C_LANGUAGE_STANDARD = gnu11;
				GCC_DYNAMIC_NO_PIC = NO;
				GCC_NO_COMMON_BLOCKS = YES;
				GCC_OPTIMIZATION_LEVEL = 0;
				GCC_PREPROCESSOR_DEFINITIONS = (
					"$(inherited)",
					"DEBUG=1",
				);
				GCC_WARN_64_TO_32_BIT_CONVERSION = YES;
				GCC_WARN_ABOUT_RETURN_TYPE = YES_ERROR;
				GCC_WARN_UNDECLARED_SELECTOR = YES;
				GCC_WARN_UNINITIALIZED_AUTOS = YES_AGGRESSIVE;
				GCC_WARN_UNUSED_FUNCTION = YES;
				GCC_WARN_UNUSED_VARIABLE = YES;
				IPHONEOS_DEPLOYMENT_TARGET = 16.0;
				MTL_ENABLE_DEBUG_INFO = INCLUDE_SOURCE;
				MTL_FAST_MATH = YES;
				ONLY_ACTIVE_ARCH = YES;
				PRODUCT_NAME = "$(TARGET_NAME)";
				SDKROOT = iphoneos;
				SWIFT_ACTIVE_COMPILATION_CONDITIONS = DEBUG;
				SWIFT_OPTIMIZATION_LEVEL = "-Onone";
				SWIFT_VERSION = 5.0;
			};
			name = Debug;
		};
/* End XCBuildConfiguration section */

/* Begin XCConfigurationList section */
		0BADED2C6382BEE57923122F /* Build configuration list for PBXNativeTarget "écrituTests" */ = {
			isa = XCConfigurationList;
			buildConfigurations = (
				932A5062A432B75EA56CE8A1 /* Debug */,
				BAE844527834D49816327547 /* Release */,
			);
			defaultConfigurationIsVisible = 0;
			defaultConfigurationName = Debug;
		};
		3E048A9EDCCD8A142DF6789A /* Build configuration list for PBXProject "écritu" */ = {
			isa = XCConfigurationList;
			buildConfigurations = (
				E920298ACCA45D34A02920CC /* Debug */,
				0B2DB2CFBA91F4CC5720CC81 /* Release */,
			);
			defaultConfigurationIsVisible = 0;
			defaultConfigurationName = Debug;
		};
		51A4CB275692308FFE4AF988 /* Build configuration list for PBXNativeTarget "écritu" */ = {
			isa = XCConfigurationList;
			buildConfigurations = (
				E2A531803A1FBE849EDD07E0 /* Debug */,
				8207D3BABE7D90BDB04E7F0B /* Release */,
			);
			defaultConfigurationIsVisible = 0;
			defaultConfigurationName = Debug;
		};
		89EFB5B4FCA50044964A2E00 /* Build configuration list for PBXNativeTarget "KeyboardExtension" */ = {
			isa = XCConfigurationList;
			buildConfigurations = (
				B44EA477DE862304E91A28BB /* Debug */,
				B0243247437610E848A0ED75 /* Release */,
			);
			defaultConfigurationIsVisible = 0;
			defaultConfigurationName = Debug;
		};
/* End XCConfigurationList section */
	};
	rootObject = C2AEB9D58AEFFB740EDC3C3D /* Project object */;
}
